// !$*UTF8*$!
{
	archiveVersion = 1;
	classes = {
	};
	objectVersion = 46;
	objects = {

/* Begin PBXBuildFile section */
		F1455EA21E294F3400B8B232 /* AppDelegate.swift in Sources */ = {isa = PBXBuildFile; fileRef = F1455EA11E294F3400B8B232 /* AppDelegate.swift */; };
		F1455EA41E294F3400B8B232 /* ViewController.swift in Sources */ = {isa = PBXBuildFile; fileRef = F1455EA31E294F3400B8B232 /* ViewController.swift */; };
		F1455EA71E294F3500B8B232 /* Main.storyboard in Resources */ = {isa = PBXBuildFile; fileRef = F1455EA51E294F3500B8B232 /* Main.storyboard */; };
		F1455EA91E294F3500B8B232 /* Assets.xcassets in Resources */ = {isa = PBXBuildFile; fileRef = F1455EA81E294F3500B8B232 /* Assets.xcassets */; };
		F1455EAC1E294F3500B8B232 /* LaunchScreen.storyboard in Resources */ = {isa = PBXBuildFile; fileRef = F1455EAA1E294F3500B8B232 /* LaunchScreen.storyboard */; };
		F1455EB41E2C20F800B8B232 /* Minecrafter.Reg.ttf in Resources */ = {isa = PBXBuildFile; fileRef = F1455EB31E2C20F800B8B232 /* Minecrafter.Reg.ttf */; };
		F1455EB61E2C5B1600B8B232 /* btn.wav in Resources */ = {isa = PBXBuildFile; fileRef = F1455EB51E2C5B1600B8B232 /* btn.wav */; };
/* End PBXBuildFile section */

/* Begin PBXFileReference section */
		F1455E9E1E294F3400B8B232 /* retroCalc.app */ = {isa = PBXFileReference; explicitFileType = wrapper.application; includeInIndex = 0; path = retroCalc.app; sourceTree = BUILT_PRODUCTS_DIR; };
		F1455EA11E294F3400B8B232 /* AppDelegate.swift */ = {isa = PBXFileReference; lastKnownFileType = sourcecode.swift; path = AppDelegate.swift; sourceTree = "<group>"; };
		F1455EA31E294F3400B8B232 /* ViewController.swift */ = {isa = PBXFileReference; lastKnownFileType = sourcecode.swift; path = ViewController.swift; sourceTree = "<group>"; };
		F1455EA61E294F3500B8B232 /* Base */ = {isa = PBXFileReference; lastKnownFileType = file.storyboard; name = Base; path = Base.lproj/Main.storyboard; sourceTree = "<group>"; };
		F1455EA81E294F3500B8B232 /* Assets.xcassets */ = {isa = PBXFileReference; lastKnownFileType = folder.assetcatalog; path = Assets.xcassets; sourceTree = "<group>"; };
		F1455EAB1E294F3500B8B232 /* Base */ = {isa = PBXFileReference; lastKnownFileType = file.storyboard; name = Base; path = Base.lproj/LaunchScreen.storyboard; sourceTree = "<group>"; };
		F1455EAD1E294F3500B8B232 /* Info.plist */ = {isa = PBXFileReference; lastKnownFileType = text.plist.xml; path = Info.plist; sourceTree = "<group>"; };
		F1455EB31E2C20F800B8B232 /* Minecrafter.Reg.ttf */ = {isa = PBXFileReference; lastKnownFileType = file; path = Minecrafter.Reg.ttf; sourceTree = "<group>"; };
		F1455EB51E2C5B1600B8B232 /* btn.wav */ = {isa = PBXFileReference; lastKnownFileType = audio.wav; path = btn.wav; sourceTree = "<group>"; };
/* End PBXFileReference section */

/* Begin PBXFrameworksBuildPhase section */
		F1455E9B1E294F3400B8B232 /* Frameworks */ = {
			isa = PBXFrameworksBuildPhase;
			buildActionMask = 2147483647;
			files = (
			);
			runOnlyForDeploymentPostprocessing = 0;
		};
/* End PBXFrameworksBuildPhase section */

/* Begin PBXGroup section */
		F1455E951E294F3400B8B232 = {
			isa = PBXGroup;
			children = (
				F1455EA01E294F3400B8B232 /* retroCalc */,
				F1455E9F1E294F3400B8B232 /* Products */,
			);
			sourceTree = "<group>";
		};
		F1455E9F1E294F3400B8B232 /* Products */ = {
			isa = PBXGroup;
			children = (
				F1455E9E1E294F3400B8B232 /* retroCalc.app */,
			);
			name = Products;
			sourceTree = "<group>";
		};
		F1455EA01E294F3400B8B232 /* retroCalc */ = {
			isa = PBXGroup;
			children = (
				F1455EA11E294F3400B8B232 /* AppDelegate.swift */,
				F1455EA31E294F3400B8B232 /* ViewController.swift */,
				F1455EA51E294F3500B8B232 /* Main.storyboard */,
				F1455EA81E294F3500B8B232 /* Assets.xcassets */,
				F1455EAA1E294F3500B8B232 /* LaunchScreen.storyboard */,
				F1455EB51E2C5B1600B8B232 /* btn.wav */,
				F1455EB31E2C20F800B8B232 /* Minecrafter.Reg.ttf */,
				F1455EAD1E294F3500B8B232 /* Info.plist */,
			);
			path = retroCalc;
			sourceTree = "<group>";
		};
/* End PBXGroup section */

/* Begin PBXNativeTarget section */
		F1455E9D1E294F3400B8B232 /* retroCalc */ = {
			isa = PBXNativeTarget;
			buildConfigurationList = F1455EB01E294F3500B8B232 /* Build configuration list for PBXNativeTarget "retroCalc" */;
			buildPhases = (
				F1455E9A1E294F3400B8B232 /* Sources */,
				F1455E9B1E294F3400B8B232 /* Frameworks */,
				F1455E9C1E294F3400B8B232 /* Resources */,
			);
			buildRules = (
			);
			dependencies = (
			);
			name = retroCalc;
			productName = retroCalc;
			productReference = F1455E9E1E294F3400B8B232 /* retroCalc.app */;
			productType = "com.apple.product-type.application";
		};
/* End PBXNativeTarget section */

/* Begin PBXProject section */
		F1455E961E294F3400B8B232 /* Project object */ = {
			isa = PBXProject;
			attributes = {
				LastSwiftUpdateCheck = 0820;
				LastUpgradeCheck = 0820;
				ORGANIZATIONNAME = UNAMunam;
				TargetAttributes = {
					F1455E9D1E294F3400B8B232 = {
						CreatedOnToolsVersion = 8.2.1;
						DevelopmentTeam = MUHN929Y2F;
						ProvisioningStyle = Automatic;
					};
				};
			};
			buildConfigurationList = F1455E991E294F3400B8B232 /* Build configuration list for PBXProject "retroCalc" */;
			compatibilityVersion = "Xcode 3.2";
			developmentRegion = English;
			hasScannedForEncodings = 0;
			knownRegions = (
				en,
				Base,
			);
			mainGroup = F1455E951E294F3400B8B232;
			productRefGroup = F1455E9F1E294F3400B8B232 /* Products */;
			projectDirPath = "";
			projectRoot = "";
			targets = (
				F1455E9D1E294F3400B8B232 /* retroCalc */,
			);
		};
/* End PBXProject section */

/* Begin PBXResourcesBuildPhase section */
		F1455E9C1E294F3400B8B232 /* Resources */ = {
			isa = PBXResourcesBuildPhase;
			buildActionMask = 2147483647;
			files = (
				F1455EB61E2C5B1600B8B232 /* btn.wav in Resources */,
				F1455EAC1E294F3500B8B232 /* LaunchScreen.storyboard in Resources */,
				F1455EA91E294F3500B8B232 /* Assets.xcassets in Resources */,
				F1455EA71E294F3500B8B232 /* Main.storyboard in Resources */,
				F1455EB41E2C20F800B8B232 /* Minecrafter.Reg.ttf in Resources */,
			);
			runOnlyForDeploymentPostprocessing = 0;
		};
/* End PBXResourcesBuildPhase section */

/* Begin PBXSourcesBuildPhase section */
		F1455E9A1E294F3400B8B232 /* Sources */ = {
			isa = PBXSourcesBuildPhase;
			buildActionMask = 2147483647;
			files = (
				F1455EA41E294F3400B8B232 /* ViewController.swift in Sources */,
				F1455EA21E294F3400B8B232 /* AppDelegate.swift in Sources */,
			);
			runOnlyForDeploymentPostprocessing = 0;
		};
/* End PBXSourcesBuildPhase section */

/* Begin PBXVariantGroup section */
		F1455EA51E294F3500B8B232 /* Main.storyboard */ = {
			isa = PBXVariantGroup;
			children = (
				F1455EA61E294F3500B8B232 /* Base */,
			);
			name = Main.storyboard;
			sourceTree = "<group>";
		};
		F1455EAA1E294F3500B8B232 /* LaunchScreen.storyboard */ = {
			isa = PBXVariantGroup;
			children = (
				F1455EAB1E294F3500B8B232 /* Base */,
			);
			name = LaunchScreen.storyboard;
			sourceTree = "<group>";
		};
/* End PBXVariantGroup section */

/* Begin XCBuildConfiguration section */
		F1455EAE1E294F3500B8B232 /* Debug */ = {
			isa = XCBuildConfiguration;
			buildSettings = {
				ALWAYS_SEARCH_USER_PATHS = NO;
				CLANG_ANALYZER_NONNULL = YES;
				CLANG_CXX_LANGUAGE_STANDARD = "gnu++0x";
				CLANG_CXX_LIBRARY = "libc++";
				CLANG_ENABLE_MODULES = YES;
				CLANG_ENABLE_OBJC_ARC = YES;
				CLANG_WARN_BOOL_CONVERSION = YES;
				CLANG_WARN_CONSTANT_CONVERSION = YES;
				CLANG_WARN_DIRECT_OBJC_ISA_USAGE = YES_ERROR;
				CLANG_WARN_DOCUMENTATION_COMMENTS = YES;
				CLANG_WARN_EMPTY_BODY = YES;
				CLANG_WARN_ENUM_CONVERSION = YES;
				CLANG_WARN_INFINITE_RECURSION = YES;
				CLANG_WARN_INT_CONVERSION = YES;
				CLANG_WARN_OBJC_ROOT_CLASS = YES_ERROR;
				CLANG_WARN_SUSPICIOUS_MOVE = YES;
				CLANG_WARN_UNREACHABLE_CODE = YES;
				CLANG_WARN__DUPLICATE_METHOD_MATCH = YES;
				"CODE_SIGN_IDENTITY[sdk=iphoneos*]" = "iPhone Developer";
				COPY_PHASE_STRIP = NO;
				DEBUG_INFORMATION_FORMAT = dwarf;
				ENABLE_STRICT_OBJC_MSGSEND = YES;
				ENABLE_TESTABILITY = YES;
				GCC_C_LANGUAGE_STANDARD = gnu99;
				GCC_DYNAMIC_NO_PIC = NO;
				GCC_NO_COMMON_BLOCKS = YES;
				GCC_OPTIMIZATION_LEVEL = 0;
				GCC_PREPROCESSOR_DEFINITIONS = (
					"DEBUG=1",
					"$(inherited)",
				);
				GCC_WARN_64_TO_32_BIT_CONVERSION = YES;
				GCC_WARN_ABOUT_RETURN_TYPE = YES_ERROR;
				GCC_WARN_UNDECLARED_SELECTOR = YES;
				GCC_WARN_UNINITIALIZED_AUTOS = YES_AGGRESSIVE;
				GCC_WARN_UNUSED_FUNCTION = YES;
				GCC_WARN_UNUSED_VARIABLE = YES;
				IPHONEOS_DEPLOYMENT_TARGET = 10.2;
				MTL_ENABLE_DEBUG_INFO = YES;
				ONLY_ACTIVE_ARCH = YES;
				SDKROOT = iphoneos;
				SWIFT_ACTIVE_COMPILATION_CONDITIONS = DEBUG;
				SWIFT_OPTIMIZATION_LEVEL = "-Onone";
			};
			name = Debug;
		};
		F1455EAF1E294F3500B8B232 /* Release */ = {
			isa = XCBuildConfiguration;
			buildSettings = {
				ALWAYS_SEARCH_USER_PATHS = NO;
				CLANG_ANALYZER_NONNULL = YES;
				CLANG_CXX_LANGUAGE_STANDARD = "gnu++0x";
				CLANG_CXX_LIBRARY = "libc++";
				CLANG_ENABLE_MODULES = YES;
				CLANG_ENABLE_OBJC_ARC = YES;
				CLANG_WARN_BOOL_CONVERSION = YES;
				CLANG_WARN_CONSTANT_CONVERSION = YES;
				CLANG_WARN_DIRECT_OBJC_ISA_USAGE = YES_ERROR;
				CLANG_WARN_DOCUMENTATION_COMMENTS = YES;
				CLANG_WARN_EMPTY_BODY = YES;
				CLANG_WARN_ENUM_CONVERSION = YES;
				CLANG_WARN_INFINITE_RECURSION = YES;
				CLANG_WARN_INT_CONVERSION = YES;
				CLANG_WARN_OBJC_ROOT_CLASS = YES_ERROR;
				CLANG_WARN_SUSPICIOUS_MOVE = YES;
				CLANG_WARN_UNREACHABLE_CODE = YES;
				CLANG_WARN__DUPLICATE_METHOD_MATCH = YES;
				"CODE_SIGN_IDENTITY[sdk=iphoneos*]" = "iPhone Developer";
				COPY_PHASE_STRIP = NO;
				DEBUG_INFORMATION_FORMAT = "dwarf-with-dsym";
				ENABLE_NS_ASSERTIONS = NO;
				ENABLE_STRICT_OBJC_MSGSEND = YES;
				GCC_C_LANGUAGE_STANDARD = gnu99;
				GCC_NO_COMMON_BLOCKS = YES;
				GCC_WARN_64_TO_32_BIT_CONVERSION = YES;
				GCC_WARN_ABOUT_RETURN_TYPE = YES_ERROR;
				GCC_WARN_UNDECLARED_SELECTOR = YES;
				GCC_WARN_UNINITIALIZED_AUTOS = YES_AGGRESSIVE;
				GCC_WARN_UNUSED_FUNCTION = YES;
				GCC_WARN_UNUSED_VARIABLE = YES;
				IPHONEOS_DEPLOYMENT_TARGET = 10.2;
				MTL_ENABLE_DEBUG_INFO = NO;
				SDKROOT = iphoneos;
				SWIFT_OPTIMIZATION_LEVEL = "-Owholemodule";
				VALIDATE_PRODUCT = YES;
			};
			name = Release;
		};
		F1455EB11E294F3500B8B232 /* Debug */ = {
			isa = XCBuildConfiguration;
			buildSettings = {
				ASSETCATALOG_COMPILER_APPICON_NAME = AppIcon;
				DEVELOPMENT_TEAM = MUHN929Y2F;
				INFOPLIST_FILE = retroCalc/Info.plist;
				IPHONEOS_DEPLOYMENT_TARGET = 10.0;
				LD_RUNPATH_SEARCH_PATHS = "$(inherited) @executable_path/Frameworks";
				PRODUCT_BUNDLE_IDENTIFIER = com.UNAM.retroCalc;
				PRODUCT_NAME = "$(TARGET_NAME)";
				SWIFT_VERSION = 3.0;
			};
			name = Debug;
		};
		F1455EB21E294F3500B8B232 /* Release */ = {
			isa = XCBuildConfiguration;
			buildSettings = {
				ASSETCATALOG_COMPILER_APPICON_NAME = AppIcon;
				DEVELOPMENT_TEAM = MUHN929Y2F;
				INFOPLIST_FILE = retroCalc/Info.plist;
				IPHONEOS_DEPLOYMENT_TARGET = 10.0;
				LD_RUNPATH_SEARCH_PATHS = "$(inherited) @executable_path/Frameworks";
				PRODUCT_BUNDLE_IDENTIFIER = com.UNAM.retroCalc;
				PRODUCT_NAME = "$(TARGET_NAME)";
				SWIFT_VERSION = 3.0;
			};
			name = Release;
		};
/* End XCBuildConfiguration section */

/* Begin XCConfigurationList section */
		F1455E991E294F3400B8B232 /* Build configuration list for PBXProject "retroCalc" */ = {
			isa = XCConfigurationList;
			buildConfigurations = (
				F1455EAE1E294F3500B8B232 /* Debug */,
				F1455EAF1E294F3500B8B232 /* Release */,
			);
			defaultConfigurationIsVisible = 0;
			defaultConfigurationName = Release;
		};
		F1455EB01E294F3500B8B232 /* Build configuration list for PBXNativeTarget "retroCalc" */ = {
			isa = XCConfigurationList;
			buildConfigurations = (
				F1455EB11E294F3500B8B232 /* Debug */,
				F1455EB21E294F3500B8B232 /* Release */,
			);
			defaultConfigurationIsVisible = 0;
			defaultConfigurationName = Release;
		};
/* End XCConfigurationList section */
	};
	rootObject = F1455E961E294F3400B8B232 /* Project object */;
}
